
Microsoft Visual Studio Solution File, Format Version 12.00
# Visual Studio 2012
Project("{FAE04EC0-301F-11D3-BF4B-00C04F79EFBC}") = "ISSSTECAM.Presupuesto.Web", "ISSSTECAM.Presupuesto.Web\ISSSTECAM.Presupuesto.Web.csproj", "{B3DDF0D3-531D-4A8E-9982-A7BE438D9EE5}"
	ProjectSection(ProjectDependencies) = postProject
		{E8ABE797-C406-400D-8B23-45CD9C95AB0C} = {E8ABE797-C406-400D-8B23-45CD9C95AB0C}
	EndProjectSection
EndProject
Project("{FAE04EC0-301F-11D3-BF4B-00C04F79EFBC}") = "ISSSTECAM.Presupuesto.Datos", "ISSSTECAM.Presupuesto.Datos\ISSSTECAM.Presupuesto.Datos.csproj", "{1E80C7BC-FCD1-4CDF-B66D-EB71A98DCBCD}"
EndProject
Project("{FAE04EC0-301F-11D3-BF4B-00C04F79EFBC}") = "ISSSTECAM.Presupuesto.Entidades", "ISSSTECAM.Presupuesto.Entidades\ISSSTECAM.Presupuesto.Entidades.csproj", "{13BBBF40-485B-4079-928C-E46121A02D57}"
EndProject
Project("{FAE04EC0-301F-11D3-BF4B-00C04F79EFBC}") = "ISSSTECAM.Presupuesto.Negocios", "ISSSTECAM.Presupuesto.Negocios\ISSSTECAM.Presupuesto.Negocios.csproj", "{08339B46-AEC1-4D2D-879E-76F828E142E4}"
EndProject
Project("{FAE04EC0-301F-11D3-BF4B-00C04F79EFBC}") = "ISSSTECAM.Presupuesto.ServiciosWeb", "ISSSTECAM.Presupuesto.ServiciosWeb\ISSSTECAM.Presupuesto.ServiciosWeb.csproj", "{881458B4-822B-4AEC-B88C-22750AF5C13E}"
EndProject
Project("{FAE04EC0-301F-11D3-BF4B-00C04F79EFBC}") = "ISSSTECAM.RH.ServiciosWeb", "ISSSTECAM.RH.ServiciosWeb\ISSSTECAM.RH.ServiciosWeb.csproj", "{E8ABE797-C406-400D-8B23-45CD9C95AB0C}"
EndProject
Project("{FAE04EC0-301F-11D3-BF4B-00C04F79EFBC}") = "ISSSTECAM.RH.Datos", "ISSSTECAM.RH.Datos\ISSSTECAM.RH.Datos.csproj", "{635B9E53-68D7-4045-B8D5-E0D267941EA6}"
EndProject
Project("{FAE04EC0-301F-11D3-BF4B-00C04F79EFBC}") = "ISSSTECAM.RH.Entidades", "ISSSTECAM.RH.Entidades\ISSSTECAM.RH.Entidades.csproj", "{738F25B7-3B0E-40DC-BC8D-8444BB6EF058}"
EndProject
Project("{2150E333-8FDC-42A3-9474-1A3956D46DE8}") = "RH", "RH", "{E70D6CAB-EF45-450F-B89A-C3713A988C9A}"
EndProject
Project("{FAE04EC0-301F-11D3-BF4B-00C04F79EFBC}") = "ISSSTECAM.RH.Negocios", "ISSSTECAM.RH.Negocios\ISSSTECAM.RH.Negocios.csproj", "{9CD89DE9-F883-4C00-A274-6846A6F94F94}"
EndProject
Global
	GlobalSection(SolutionConfigurationPlatforms) = preSolution
		Debug|Any CPU = Debug|Any CPU
		Release|Any CPU = Release|Any CPU
	EndGlobalSection
	GlobalSection(ProjectConfigurationPlatforms) = postSolution
		{B3DDF0D3-531D-4A8E-9982-A7BE438D9EE5}.Debug|Any CPU.ActiveCfg = Debug|Any CPU
		{B3DDF0D3-531D-4A8E-9982-A7BE438D9EE5}.Debug|Any CPU.Build.0 = Debug|Any CPU
		{B3DDF0D3-531D-4A8E-9982-A7BE438D9EE5}.Release|Any CPU.ActiveCfg = Release|Any CPU
		{B3DDF0D3-531D-4A8E-9982-A7BE438D9EE5}.Release|Any CPU.Build.0 = Release|Any CPU
		{1E80C7BC-FCD1-4CDF-B66D-EB71A98DCBCD}.Debug|Any CPU.ActiveCfg = Debug|Any CPU
		{1E80C7BC-FCD1-4CDF-B66D-EB71A98DCBCD}.Debug|Any CPU.Build.0 = Debug|Any CPU
		{1E80C7BC-FCD1-4CDF-B66D-EB71A98DCBCD}.Release|Any CPU.ActiveCfg = Release|Any CPU
		{1E80C7BC-FCD1-4CDF-B66D-EB71A98DCBCD}.Release|Any CPU.Build.0 = Release|Any CPU
		{13BBBF40-485B-4079-928C-E46121A02D57}.Debug|Any CPU.ActiveCfg = Debug|Any CPU
		{13BBBF40-485B-4079-928C-E46121A02D57}.Debug|Any CPU.Build.0 = Debug|Any CPU
		{13BBBF40-485B-4079-928C-E46121A02D57}.Release|Any CPU.ActiveCfg = Release|Any CPU
		{13BBBF40-485B-4079-928C-E46121A02D57}.Release|Any CPU.Build.0 = Release|Any CPU
		{08339B46-AEC1-4D2D-879E-76F828E142E4}.Debug|Any CPU.ActiveCfg = Debug|Any CPU
		{08339B46-AEC1-4D2D-879E-76F828E142E4}.Debug|Any CPU.Build.0 = Debug|Any CPU
		{08339B46-AEC1-4D2D-879E-76F828E142E4}.Release|Any CPU.ActiveCfg = Release|Any CPU
		{08339B46-AEC1-4D2D-879E-76F828E142E4}.Release|Any CPU.Build.0 = Release|Any CPU
		{881458B4-822B-4AEC-B88C-22750AF5C13E}.Debug|Any CPU.ActiveCfg = Debug|Any CPU
		{881458B4-822B-4AEC-B88C-22750AF5C13E}.Debug|Any CPU.Build.0 = Debug|Any CPU
		{881458B4-822B-4AEC-B88C-22750AF5C13E}.Release|Any CPU.ActiveCfg = Release|Any CPU
		{881458B4-822B-4AEC-B88C-22750AF5C13E}.Release|Any CPU.Build.0 = Release|Any CPU
		{E8ABE797-C406-400D-8B23-45CD9C95AB0C}.Debug|Any CPU.ActiveCfg = Debug|Any CPU
		{E8ABE797-C406-400D-8B23-45CD9C95AB0C}.Debug|Any CPU.Build.0 = Debug|Any CPU
		{E8ABE797-C406-400D-8B23-45CD9C95AB0C}.Release|Any CPU.ActiveCfg = Release|Any CPU
		{E8ABE797-C406-400D-8B23-45CD9C95AB0C}.Release|Any CPU.Build.0 = Release|Any CPU
		{635B9E53-68D7-4045-B8D5-E0D267941EA6}.Debug|Any CPU.ActiveCfg = Debug|Any CPU
		{635B9E53-68D7-4045-B8D5-E0D267941EA6}.Debug|Any CPU.Build.0 = Debug|Any CPU
		{635B9E53-68D7-4045-B8D5-E0D267941EA6}.Release|Any CPU.ActiveCfg = Release|Any CPU
		{635B9E53-68D7-4045-B8D5-E0D267941EA6}.Release|Any CPU.Build.0 = Release|Any CPU
		{738F25B7-3B0E-40DC-BC8D-8444BB6EF058}.Debug|Any CPU.ActiveCfg = Debug|Any CPU
		{738F25B7-3B0E-40DC-BC8D-8444BB6EF058}.Debug|Any CPU.Build.0 = Debug|Any CPU
		{738F25B7-3B0E-40DC-BC8D-8444BB6EF058}.Release|Any CPU.ActiveCfg = Release|Any CPU
		{738F25B7-3B0E-40DC-BC8D-8444BB6EF058}.Release|Any CPU.Build.0 = Release|Any CPU
		{9CD89DE9-F883-4C00-A274-6846A6F94F94}.Debug|Any CPU.ActiveCfg = Debug|Any CPU
		{9CD89DE9-F883-4C00-A274-6846A6F94F94}.Debug|Any CPU.Build.0 = Debug|Any CPU
		{9CD89DE9-F883-4C00-A274-6846A6F94F94}.Release|Any CPU.ActiveCfg = Release|Any CPU
		{9CD89DE9-F883-4C00-A274-6846A6F94F94}.Release|Any CPU.Build.0 = Release|Any CPU
	EndGlobalSection
	GlobalSection(SolutionProperties) = preSolution
		HideSolutionNode = FALSE
	EndGlobalSection
	GlobalSection(NestedProjects) = preSolution
		{635B9E53-68D7-4045-B8D5-E0D267941EA6} = {E70D6CAB-EF45-450F-B89A-C3713A988C9A}
		{738F25B7-3B0E-40DC-BC8D-8444BB6EF058} = {E70D6CAB-EF45-450F-B89A-C3713A988C9A}
		{E8ABE797-C406-400D-8B23-45CD9C95AB0C} = {E70D6CAB-EF45-450F-B89A-C3713A988C9A}
		{9CD89DE9-F883-4C00-A274-6846A6F94F94} = {E70D6CAB-EF45-450F-B89A-C3713A988C9A}
	EndGlobalSection
EndGlobal
